
Microsoft Visual Studio Solution File, Format Version 12.00
# Visual Studio 15
VisualStudioVersion = 15.0.26403.7
MinimumVisualStudioVersion = 10.0.40219.1
Project("{FAE04EC0-301F-11D3-BF4B-00C04F79EFBC}") = "VAEBigRam", "VAEBigRamTest\VAEBigRam.csproj", "{AEEFFB02-4ED4-475B-A666-4D7B7434BEF0}"
EndProject
Project("{FAE04EC0-301F-11D3-BF4B-00C04F79EFBC}") = "BigRamUnitTests", "UnitTestProject1\BigRamUnitTests.csproj", "{CE589B32-1458-465E-9F6A-E9AFD4B50A94}"
EndProject
Global
	GlobalSection(SolutionConfigurationPlatforms) = preSolution
		Debug|Any CPU = Debug|Any CPU
		Release|Any CPU = Release|Any CPU
	EndGlobalSection
	GlobalSection(ProjectConfigurationPlatforms) = postSolution
		{AEEFFB02-4ED4-475B-A666-4D7B7434BEF0}.Debug|Any CPU.ActiveCfg = Debug|Any CPU
		{AEEFFB02-4ED4-475B-A666-4D7B7434BEF0}.Debug|Any CPU.Build.0 = Debug|Any CPU
		{AEEFFB02-4ED4-475B-A666-4D7B7434BEF0}.Release|Any CPU.ActiveCfg = Release|Any CPU
		{AEEFFB02-4ED4-475B-A666-4D7B7434BEF0}.Release|Any CPU.Build.0 = Release|Any CPU
		{CE589B32-1458-465E-9F6A-E9AFD4B50A94}.Debug|Any CPU.ActiveCfg = Debug|Any CPU
		{CE589B32-1458-465E-9F6A-E9AFD4B50A94}.Debug|Any CPU.Build.0 = Debug|Any CPU
		{CE589B32-1458-465E-9F6A-E9AFD4B50A94}.Release|Any CPU.ActiveCfg = Release|Any CPU
		{CE589B32-1458-465E-9F6A-E9AFD4B50A94}.Release|Any CPU.Build.0 = Release|Any CPU
	EndGlobalSection
	GlobalSection(SolutionProperties) = preSolution
		HideSolutionNode = FALSE
	EndGlobalSection
EndGlobal
